
Microsoft Visual Studio Solution File, Format Version 12.00
# Visual Studio Version 16
VisualStudioVersion = 16.0.30011.22
MinimumVisualStudioVersion = 10.0.40219.1
Project("{8BC9CEB8-8B4A-11D0-8D11-00A0C91BC942}") = "1027-Human Gene Functions", "1027-Human Gene Functions\1027.vcxproj", "{C26C80E2-5427-46E1-BEE4-E01614215A68}"
EndProject
Project("{8BC9CEB8-8B4A-11D0-8D11-00A0C91BC942}") = "1019-Illusive Chase", "1019-Illusive Chase\1019-Illusive Chase.vcxproj", "{DD91178C-67AD-4708-BD5C-ECE813ABEC42}"
EndProject
Project("{2150E333-8FDC-42A3-9474-1A3956D46DE8}") = "Solution Items", "Solution Items", "{99A6D9E5-6DDE-4C6C-A45B-E3A5A66AE99C}"
	ProjectSection(SolutionItems) = preProject
		readme.md = readme.md
	EndProjectSection
EndProject
Project("{8BC9CEB8-8B4A-11D0-8D11-00A0C91BC942}") = "1031-Square Destroyer", "1031-Square Destroyer\1031-Square Destroyer.vcxproj", "{0804CCA0-1086-45C9-8F03-9A2DA818CD3C}"
EndProject
Project("{8BC9CEB8-8B4A-11D0-8D11-00A0C91BC942}") = "4155-League of Legends", "4155-League of Legends\4155-League of Legends.vcxproj", "{AEA29499-460C-4238-8FDE-2DC6C30C846D}"
EndProject
Project("{8BC9CEB8-8B4A-11D0-8D11-00A0C91BC942}") = "1057-Undercut", "1057-Undercut\1057-Undercut.vcxproj", "{9699C859-4EE2-4F6B-AB74-983BE08631C2}"
EndProject
Project("{8BC9CEB8-8B4A-11D0-8D11-00A0C91BC942}") = "1159-487-3279", "1159-487-3279\1159-487-3279.vcxproj", "{4FE7D1B8-F776-4329-BB64-4CDE9E7CB20C}"
EndProject
Global
	GlobalSection(SolutionConfigurationPlatforms) = preSolution
		Debug|ARM = Debug|ARM
		Debug|ARM64 = Debug|ARM64
		Debug|x64 = Debug|x64
		Debug|x86 = Debug|x86
		Release|ARM = Release|ARM
		Release|ARM64 = Release|ARM64
		Release|x64 = Release|x64
		Release|x86 = Release|x86
	EndGlobalSection
	GlobalSection(ProjectConfigurationPlatforms) = postSolution
		{C26C80E2-5427-46E1-BEE4-E01614215A68}.Debug|ARM.ActiveCfg = Debug|Win32
		{C26C80E2-5427-46E1-BEE4-E01614215A68}.Debug|ARM64.ActiveCfg = Debug|Win32
		{C26C80E2-5427-46E1-BEE4-E01614215A68}.Debug|x64.ActiveCfg = Debug|x64
		{C26C80E2-5427-46E1-BEE4-E01614215A68}.Debug|x64.Build.0 = Debug|x64
		{C26C80E2-5427-46E1-BEE4-E01614215A68}.Debug|x86.ActiveCfg = Debug|Win32
		{C26C80E2-5427-46E1-BEE4-E01614215A68}.Debug|x86.Build.0 = Debug|Win32
		{C26C80E2-5427-46E1-BEE4-E01614215A68}.Release|ARM.ActiveCfg = Release|Win32
		{C26C80E2-5427-46E1-BEE4-E01614215A68}.Release|ARM64.ActiveCfg = Release|Win32
		{C26C80E2-5427-46E1-BEE4-E01614215A68}.Release|x64.ActiveCfg = Release|x64
		{C26C80E2-5427-46E1-BEE4-E01614215A68}.Release|x64.Build.0 = Release|x64
		{C26C80E2-5427-46E1-BEE4-E01614215A68}.Release|x86.ActiveCfg = Release|Win32
		{C26C80E2-5427-46E1-BEE4-E01614215A68}.Release|x86.Build.0 = Release|Win32
		{DD91178C-67AD-4708-BD5C-ECE813ABEC42}.Debug|ARM.ActiveCfg = Debug|Win32
		{DD91178C-67AD-4708-BD5C-ECE813ABEC42}.Debug|ARM64.ActiveCfg = Debug|Win32
		{DD91178C-67AD-4708-BD5C-ECE813ABEC42}.Debug|x64.ActiveCfg = Debug|x64
		{DD91178C-67AD-4708-BD5C-ECE813ABEC42}.Debug|x64.Build.0 = Debug|x64
		{DD91178C-67AD-4708-BD5C-ECE813ABEC42}.Debug|x86.ActiveCfg = Debug|Win32
		{DD91178C-67AD-4708-BD5C-ECE813ABEC42}.Debug|x86.Build.0 = Debug|Win32
		{DD91178C-67AD-4708-BD5C-ECE813ABEC42}.Release|ARM.ActiveCfg = Release|Win32
		{DD91178C-67AD-4708-BD5C-ECE813ABEC42}.Release|ARM64.ActiveCfg = Release|Win32
		{DD91178C-67AD-4708-BD5C-ECE813ABEC42}.Release|x64.ActiveCfg = Release|x64
		{DD91178C-67AD-4708-BD5C-ECE813ABEC42}.Release|x64.Build.0 = Release|x64
		{DD91178C-67AD-4708-BD5C-ECE813ABEC42}.Release|x86.ActiveCfg = Release|Win32
		{DD91178C-67AD-4708-BD5C-ECE813ABEC42}.Release|x86.Build.0 = Release|Win32
		{0804CCA0-1086-45C9-8F03-9A2DA818CD3C}.Debug|ARM.ActiveCfg = Debug|Win32
		{0804CCA0-1086-45C9-8F03-9A2DA818CD3C}.Debug|ARM64.ActiveCfg = Debug|Win32
		{0804CCA0-1086-45C9-8F03-9A2DA818CD3C}.Debug|x64.ActiveCfg = Debug|x64
		{0804CCA0-1086-45C9-8F03-9A2DA818CD3C}.Debug|x64.Build.0 = Debug|x64
		{0804CCA0-1086-45C9-8F03-9A2DA818CD3C}.Debug|x86.ActiveCfg = Debug|Win32
		{0804CCA0-1086-45C9-8F03-9A2DA818CD3C}.Debug|x86.Build.0 = Debug|Win32
		{0804CCA0-1086-45C9-8F03-9A2DA818CD3C}.Release|ARM.ActiveCfg = Release|Win32
		{0804CCA0-1086-45C9-8F03-9A2DA818CD3C}.Release|ARM64.ActiveCfg = Release|Win32
		{0804CCA0-1086-45C9-8F03-9A2DA818CD3C}.Release|x64.ActiveCfg = Release|x64
		{0804CCA0-1086-45C9-8F03-9A2DA818CD3C}.Release|x64.Build.0 = Release|x64
		{0804CCA0-1086-45C9-8F03-9A2DA818CD3C}.Release|x86.ActiveCfg = Release|Win32
		{0804CCA0-1086-45C9-8F03-9A2DA818CD3C}.Release|x86.Build.0 = Release|Win32
		{AEA29499-460C-4238-8FDE-2DC6C30C846D}.Debug|ARM.ActiveCfg = Debug|Win32
		{AEA29499-460C-4238-8FDE-2DC6C30C846D}.Debug|ARM64.ActiveCfg = Debug|Win32
		{AEA29499-460C-4238-8FDE-2DC6C30C846D}.Debug|x64.ActiveCfg = Debug|x64
		{AEA29499-460C-4238-8FDE-2DC6C30C846D}.Debug|x64.Build.0 = Debug|x64
		{AEA29499-460C-4238-8FDE-2DC6C30C846D}.Debug|x86.ActiveCfg = Debug|Win32
		{AEA29499-460C-4238-8FDE-2DC6C30C846D}.Debug|x86.Build.0 = Debug|Win32
		{AEA29499-460C-4238-8FDE-2DC6C30C846D}.Release|ARM.ActiveCfg = Release|Win32
		{AEA29499-460C-4238-8FDE-2DC6C30C846D}.Release|ARM64.ActiveCfg = Release|Win32
		{AEA29499-460C-4238-8FDE-2DC6C30C846D}.Release|x64.ActiveCfg = Release|x64
		{AEA29499-460C-4238-8FDE-2DC6C30C846D}.Release|x64.Build.0 = Release|x64
		{AEA29499-460C-4238-8FDE-2DC6C30C846D}.Release|x86.ActiveCfg = Release|Win32
		{AEA29499-460C-4238-8FDE-2DC6C30C846D}.Release|x86.Build.0 = Release|Win32
		{9699C859-4EE2-4F6B-AB74-983BE08631C2}.Debug|ARM.ActiveCfg = Debug|Win32
		{9699C859-4EE2-4F6B-AB74-983BE08631C2}.Debug|ARM64.ActiveCfg = Debug|Win32
		{9699C859-4EE2-4F6B-AB74-983BE08631C2}.Debug|x64.ActiveCfg = Debug|x64
		{9699C859-4EE2-4F6B-AB74-983BE08631C2}.Debug|x64.Build.0 = Debug|x64
		{9699C859-4EE2-4F6B-AB74-983BE08631C2}.Debug|x86.ActiveCfg = Debug|Win32
		{9699C859-4EE2-4F6B-AB74-983BE08631C2}.Debug|x86.Build.0 = Debug|Win32
		{9699C859-4EE2-4F6B-AB74-983BE08631C2}.Release|ARM.ActiveCfg = Release|Win32
		{9699C859-4EE2-4F6B-AB74-983BE08631C2}.Release|ARM64.ActiveCfg = Release|Win32
		{9699C859-4EE2-4F6B-AB74-983BE08631C2}.Release|x64.ActiveCfg = Release|x64
		{9699C859-4EE2-4F6B-AB74-983BE08631C2}.Release|x64.Build.0 = Release|x64
		{9699C859-4EE2-4F6B-AB74-983BE08631C2}.Release|x86.ActiveCfg = Release|Win32
		{9699C859-4EE2-4F6B-AB74-983BE08631C2}.Release|x86.Build.0 = Release|Win32
		{4FE7D1B8-F776-4329-BB64-4CDE9E7CB20C}.Debug|ARM.ActiveCfg = Debug|Win32
		{4FE7D1B8-F776-4329-BB64-4CDE9E7CB20C}.Debug|ARM64.ActiveCfg = Debug|Win32
		{4FE7D1B8-F776-4329-BB64-4CDE9E7CB20C}.Debug|x64.ActiveCfg = Debug|x64
		{4FE7D1B8-F776-4329-BB64-4CDE9E7CB20C}.Debug|x64.Build.0 = Debug|x64
		{4FE7D1B8-F776-4329-BB64-4CDE9E7CB20C}.Debug|x86.ActiveCfg = Debug|Win32
		{4FE7D1B8-F776-4329-BB64-4CDE9E7CB20C}.Debug|x86.Build.0 = Debug|Win32
		{4FE7D1B8-F776-4329-BB64-4CDE9E7CB20C}.Release|ARM.ActiveCfg = Release|Win32
		{4FE7D1B8-F776-4329-BB64-4CDE9E7CB20C}.Release|ARM64.ActiveCfg = Release|Win32
		{4FE7D1B8-F776-4329-BB64-4CDE9E7CB20C}.Release|x64.ActiveCfg = Release|x64
		{4FE7D1B8-F776-4329-BB64-4CDE9E7CB20C}.Release|x64.Build.0 = Release|x64
		{4FE7D1B8-F776-4329-BB64-4CDE9E7CB20C}.Release|x86.ActiveCfg = Release|Win32
		{4FE7D1B8-F776-4329-BB64-4CDE9E7CB20C}.Release|x86.Build.0 = Release|Win32
	EndGlobalSection
	GlobalSection(SolutionProperties) = preSolution
		HideSolutionNode = FALSE
	EndGlobalSection
	GlobalSection(ExtensibilityGlobals) = postSolution
		SolutionGuid = {7D2270F5-CB3C-42D8-AAFD-C77DDE4D5146}
	EndGlobalSection
EndGlobal
